
Microsoft Visual Studio Solution File, Format Version 12.00
# Visual Studio Version 17
VisualStudioVersion = 17.9.34622.214
MinimumVisualStudioVersion = 10.0.40219.1
Project("{FAE04EC0-301F-11D3-BF4B-00C04F79EFBC}") = "QuanLySanPham", "QuanLySanPham\QuanLySanPham.csproj", "{67E36CE3-C785-4354-AE0B-ACC05D894E7E}"
EndProject
Global
	GlobalSection(SolutionConfigurationPlatforms) = preSolution
		Debug|Any CPU = Debug|Any CPU
		Release|Any CPU = Release|Any CPU
	EndGlobalSection
	GlobalSection(ProjectConfigurationPlatforms) = postSolution
		{67E36CE3-C785-4354-AE0B-ACC05D894E7E}.Debug|Any CPU.ActiveCfg = Debug|Any CPU
		{67E36CE3-C785-4354-AE0B-ACC05D894E7E}.Debug|Any CPU.Build.0 = Debug|Any CPU
		{67E36CE3-C785-4354-AE0B-ACC05D894E7E}.Release|Any CPU.ActiveCfg = Release|Any CPU
		{67E36CE3-C785-4354-AE0B-ACC05D894E7E}.Release|Any CPU.Build.0 = Release|Any CPU
	EndGlobalSection
	GlobalSection(SolutionProperties) = preSolution
		HideSolutionNode = FALSE
	EndGlobalSection
	GlobalSection(ExtensibilityGlobals) = postSolution
		SolutionGuid = {EAD76945-41AC-4B20-A0F2-747CD7CE0268}
	EndGlobalSection
EndGlobal
